
Microsoft Visual Studio Solution File, Format Version 12.00
# Visual Studio Version 17
VisualStudioVersion = 17.10.34928.147
MinimumVisualStudioVersion = 10.0.40219.1
Project("{9A19103F-16F7-4668-BE54-9A1E7A4F7556}") = "TrangSucMVC", "TrangSucMVC\TrangSucMVC.csproj", "{BE1DAE80-C4F1-4783-BC5E-B616EC6E5FBC}"
EndProject
Global
	GlobalSection(SolutionConfigurationPlatforms) = preSolution
		Debug|Any CPU = Debug|Any CPU
		Release|Any CPU = Release|Any CPU
	EndGlobalSection
	GlobalSection(ProjectConfigurationPlatforms) = postSolution
		{BE1DAE80-C4F1-4783-BC5E-B616EC6E5FBC}.Debug|Any CPU.ActiveCfg = Debug|Any CPU
		{BE1DAE80-C4F1-4783-BC5E-B616EC6E5FBC}.Debug|Any CPU.Build.0 = Debug|Any CPU
		{BE1DAE80-C4F1-4783-BC5E-B616EC6E5FBC}.Release|Any CPU.ActiveCfg = Release|Any CPU
		{BE1DAE80-C4F1-4783-BC5E-B616EC6E5FBC}.Release|Any CPU.Build.0 = Release|Any CPU
	EndGlobalSection
	GlobalSection(SolutionProperties) = preSolution
		HideSolutionNode = FALSE
	EndGlobalSection
	GlobalSection(ExtensibilityGlobals) = postSolution
		SolutionGuid = {D3CACFB4-7274-4B25-9BF0-678F045594C5}
	EndGlobalSection
EndGlobal
